
Microsoft Visual Studio Solution File, Format Version 12.00
# Visual Studio Version 16
VisualStudioVersion = 16.0.29123.88
MinimumVisualStudioVersion = 10.0.40219.1
Project("{FAE04EC0-301F-11D3-BF4B-00C04F79EFBC}") = "LAB1Mariana", "LAB1Mariana.csproj", "{D0CC6A9C-1250-4B9F-A35D-F1EEE5B24897}"
EndProject
Global
	GlobalSection(SolutionConfigurationPlatforms) = preSolution
		Debug|Any CPU = Debug|Any CPU
		Release|Any CPU = Release|Any CPU
	EndGlobalSection
	GlobalSection(ProjectConfigurationPlatforms) = postSolution
		{D0CC6A9C-1250-4B9F-A35D-F1EEE5B24897}.Debug|Any CPU.ActiveCfg = Debug|Any CPU
		{D0CC6A9C-1250-4B9F-A35D-F1EEE5B24897}.Debug|Any CPU.Build.0 = Debug|Any CPU
		{D0CC6A9C-1250-4B9F-A35D-F1EEE5B24897}.Release|Any CPU.ActiveCfg = Release|Any CPU
		{D0CC6A9C-1250-4B9F-A35D-F1EEE5B24897}.Release|Any CPU.Build.0 = Release|Any CPU
	EndGlobalSection
	GlobalSection(SolutionProperties) = preSolution
		HideSolutionNode = FALSE
	EndGlobalSection
	GlobalSection(ExtensibilityGlobals) = postSolution
		SolutionGuid = {8C993195-F0E7-448A-B545-A6F1AF4F2383}
	EndGlobalSection
EndGlobal
